
Microsoft Visual Studio Solution File, Format Version 12.00
# Visual Studio 15
VisualStudioVersion = 15.0.28307.757
MinimumVisualStudioVersion = 10.0.40219.1
Project("{FAE04EC0-301F-11D3-BF4B-00C04F79EFBC}") = "Pong", "Pong\Pong.csproj", "{0B57F951-E9AE-4C56-93E7-2178D6C2EF20}"
EndProject
Global
	GlobalSection(SolutionConfigurationPlatforms) = preSolution
		Debug|Any CPU = Debug|Any CPU
		Release|Any CPU = Release|Any CPU
	EndGlobalSection
	GlobalSection(ProjectConfigurationPlatforms) = postSolution
		{0B57F951-E9AE-4C56-93E7-2178D6C2EF20}.Debug|Any CPU.ActiveCfg = Debug|Any CPU
		{0B57F951-E9AE-4C56-93E7-2178D6C2EF20}.Debug|Any CPU.Build.0 = Debug|Any CPU
		{0B57F951-E9AE-4C56-93E7-2178D6C2EF20}.Release|Any CPU.ActiveCfg = Release|Any CPU
		{0B57F951-E9AE-4C56-93E7-2178D6C2EF20}.Release|Any CPU.Build.0 = Release|Any CPU
	EndGlobalSection
	GlobalSection(SolutionProperties) = preSolution
		HideSolutionNode = FALSE
	EndGlobalSection
	GlobalSection(ExtensibilityGlobals) = postSolution
		SolutionGuid = {A5A4E24D-4EAC-4182-B27D-0E6CD70C33A5}
	EndGlobalSection
EndGlobal
